
Microsoft Visual Studio Solution File, Format Version 12.00
# Visual Studio Version 16
VisualStudioVersion = 16.0.31112.23
MinimumVisualStudioVersion = 10.0.40219.1
Project("{FAE04EC0-301F-11D3-BF4B-00C04F79EFBC}") = "WebShop", "WebShop\WebShop.csproj", "{EC8DBA2A-B76D-4783-9799-3EC854494DA8}"
EndProject
Global
	GlobalSection(SolutionConfigurationPlatforms) = preSolution
		Debug|Any CPU = Debug|Any CPU
		Release|Any CPU = Release|Any CPU
	EndGlobalSection
	GlobalSection(ProjectConfigurationPlatforms) = postSolution
		{EC8DBA2A-B76D-4783-9799-3EC854494DA8}.Debug|Any CPU.ActiveCfg = Debug|Any CPU
		{EC8DBA2A-B76D-4783-9799-3EC854494DA8}.Debug|Any CPU.Build.0 = Debug|Any CPU
		{EC8DBA2A-B76D-4783-9799-3EC854494DA8}.Release|Any CPU.ActiveCfg = Release|Any CPU
		{EC8DBA2A-B76D-4783-9799-3EC854494DA8}.Release|Any CPU.Build.0 = Release|Any CPU
	EndGlobalSection
	GlobalSection(SolutionProperties) = preSolution
		HideSolutionNode = FALSE
	EndGlobalSection
	GlobalSection(ExtensibilityGlobals) = postSolution
		SolutionGuid = {64B6D262-102C-4FE4-95DB-F1ADEF5BA9B7}
	EndGlobalSection
EndGlobal
